
Microsoft Visual Studio Solution File, Format Version 12.00
# Visual Studio Version 16
VisualStudioVersion = 16.0.29806.167
MinimumVisualStudioVersion = 10.0.40219.1
Project("{FAE04EC0-301F-11D3-BF4B-00C04F79EFBC}") = "FileUpload", "FileUpload.csproj", "{F8205B08-D6E5-4123-BA90-C6E86A1DE97A}"
EndProject
Global
	GlobalSection(SolutionConfigurationPlatforms) = preSolution
		Debug|Any CPU = Debug|Any CPU
		Release|Any CPU = Release|Any CPU
	EndGlobalSection
	GlobalSection(ProjectConfigurationPlatforms) = postSolution
		{F8205B08-D6E5-4123-BA90-C6E86A1DE97A}.Debug|Any CPU.ActiveCfg = Debug|Any CPU
		{F8205B08-D6E5-4123-BA90-C6E86A1DE97A}.Debug|Any CPU.Build.0 = Debug|Any CPU
		{F8205B08-D6E5-4123-BA90-C6E86A1DE97A}.Release|Any CPU.ActiveCfg = Release|Any CPU
		{F8205B08-D6E5-4123-BA90-C6E86A1DE97A}.Release|Any CPU.Build.0 = Release|Any CPU
	EndGlobalSection
	GlobalSection(SolutionProperties) = preSolution
		HideSolutionNode = FALSE
	EndGlobalSection
	GlobalSection(ExtensibilityGlobals) = postSolution
		SolutionGuid = {267A1B52-D8E8-41AB-920F-49BE0779F45F}
	EndGlobalSection
EndGlobal
